// !$*UTF8*$!
{
	archiveVersion = 1;
	classes = {
	};
	objectVersion = 46;
	objects = {

/* Begin PBXBuildFile section */
		7C95F9341DF4752400B8CF61 /* main.cpp in Sources */ = {isa = PBXBuildFile; fileRef = 7C95F9331DF4752400B8CF61 /* main.cpp */; };
		7CEE29011DF490E600C0A8D3 /* Graph.cpp in Sources */ = {isa = PBXBuildFile; fileRef = 7CEE28FF1DF490E600C0A8D3 /* Graph.cpp */; };
		7CEE29041DF4E40800C0A8D3 /* Dijkstra.cpp in Sources */ = {isa = PBXBuildFile; fileRef = 7CEE29021DF4E40800C0A8D3 /* Dijkstra.cpp */; };
		7CEE290A1DF5E61400C0A8D3 /* Astar.cpp in Sources */ = {isa = PBXBuildFile; fileRef = 7CEE29081DF5E61400C0A8D3 /* Astar.cpp */; };
/* End PBXBuildFile section */

/* Begin PBXCopyFilesBuildPhase section */
		7C95F92E1DF4752400B8CF61 /* CopyFiles */ = {
			isa = PBXCopyFilesBuildPhase;
			buildActionMask = 2147483647;
			dstPath = /usr/share/man/man1/;
			dstSubfolderSpec = 0;
			files = (
			);
			runOnlyForDeploymentPostprocessing = 1;
		};
/* End PBXCopyFilesBuildPhase section */

/* Begin PBXFileReference section */
		7C95F9301DF4752400B8CF61 /* lab6 */ = {isa = PBXFileReference; explicitFileType = "compiled.mach-o.executable"; includeInIndex = 0; path = lab6; sourceTree = BUILT_PRODUCTS_DIR; };
		7C95F9331DF4752400B8CF61 /* main.cpp */ = {isa = PBXFileReference; lastKnownFileType = sourcecode.cpp.cpp; path = main.cpp; sourceTree = "<group>"; };
		7CEE28FF1DF490E600C0A8D3 /* Graph.cpp */ = {isa = PBXFileReference; fileEncoding = 4; lastKnownFileType = sourcecode.cpp.cpp; path = Graph.cpp; sourceTree = "<group>"; };
		7CEE29001DF490E600C0A8D3 /* Graph.hpp */ = {isa = PBXFileReference; fileEncoding = 4; lastKnownFileType = sourcecode.cpp.h; path = Graph.hpp; sourceTree = "<group>"; };
		7CEE29021DF4E40800C0A8D3 /* Dijkstra.cpp */ = {isa = PBXFileReference; fileEncoding = 4; lastKnownFileType = sourcecode.cpp.cpp; path = Dijkstra.cpp; sourceTree = "<group>"; };
		7CEE29031DF4E40800C0A8D3 /* Dijkstra.hpp */ = {isa = PBXFileReference; fileEncoding = 4; lastKnownFileType = sourcecode.cpp.h; path = Dijkstra.hpp; sourceTree = "<group>"; };
		7CEE29051DF4F9F000C0A8D3 /* mymap.cedge */ = {isa = PBXFileReference; fileEncoding = 4; lastKnownFileType = text; path = mymap.cedge; sourceTree = "<group>"; };
		7CEE29071DF5CDDF00C0A8D3 /* SF.cedge */ = {isa = PBXFileReference; fileEncoding = 4; lastKnownFileType = text; path = SF.cedge; sourceTree = "<group>"; };
		7CEE29081DF5E61400C0A8D3 /* Astar.cpp */ = {isa = PBXFileReference; fileEncoding = 4; lastKnownFileType = sourcecode.cpp.cpp; path = Astar.cpp; sourceTree = "<group>"; };
		7CEE29091DF5E61400C0A8D3 /* Astar.hpp */ = {isa = PBXFileReference; fileEncoding = 4; lastKnownFileType = sourcecode.cpp.h; path = Astar.hpp; sourceTree = "<group>"; };
		7CEE290B1DF5F8F700C0A8D3 /* mynodes.cedge */ = {isa = PBXFileReference; fileEncoding = 4; lastKnownFileType = text; path = mynodes.cedge; sourceTree = "<group>"; };
/* End PBXFileReference section */

/* Begin PBXFrameworksBuildPhase section */
		7C95F92D1DF4752400B8CF61 /* Frameworks */ = {
			isa = PBXFrameworksBuildPhase;
			buildActionMask = 2147483647;
			files = (
			);
			runOnlyForDeploymentPostprocessing = 0;
		};
/* End PBXFrameworksBuildPhase section */

/* Begin PBXGroup section */
		7C95F9271DF4752400B8CF61 = {
			isa = PBXGroup;
			children = (
				7C95F9321DF4752400B8CF61 /* lab6 */,
				7C95F9311DF4752400B8CF61 /* Products */,
			);
			sourceTree = "<group>";
		};
		7C95F9311DF4752400B8CF61 /* Products */ = {
			isa = PBXGroup;
			children = (
				7C95F9301DF4752400B8CF61 /* lab6 */,
			);
			name = Products;
			sourceTree = "<group>";
		};
		7C95F9321DF4752400B8CF61 /* lab6 */ = {
			isa = PBXGroup;
			children = (
				7CEE29071DF5CDDF00C0A8D3 /* SF.cedge */,
				7C95F9331DF4752400B8CF61 /* main.cpp */,
				7CEE29081DF5E61400C0A8D3 /* Astar.cpp */,
				7CEE29091DF5E61400C0A8D3 /* Astar.hpp */,
				7CEE29021DF4E40800C0A8D3 /* Dijkstra.cpp */,
				7CEE29031DF4E40800C0A8D3 /* Dijkstra.hpp */,
				7CEE28FF1DF490E600C0A8D3 /* Graph.cpp */,
				7CEE29001DF490E600C0A8D3 /* Graph.hpp */,
				7CEE29051DF4F9F000C0A8D3 /* mymap.cedge */,
				7CEE290B1DF5F8F700C0A8D3 /* mynodes.cedge */,
			);
			path = lab6;
			sourceTree = "<group>";
		};
/* End PBXGroup section */

/* Begin PBXNativeTarget section */
		7C95F92F1DF4752400B8CF61 /* lab6 */ = {
			isa = PBXNativeTarget;
			buildConfigurationList = 7C95F9371DF4752400B8CF61 /* Build configuration list for PBXNativeTarget "lab6" */;
			buildPhases = (
				7C95F92C1DF4752400B8CF61 /* Sources */,
				7C95F92D1DF4752400B8CF61 /* Frameworks */,
				7C95F92E1DF4752400B8CF61 /* CopyFiles */,
			);
			buildRules = (
			);
			dependencies = (
			);
			name = lab6;
			productName = lab6;
			productReference = 7C95F9301DF4752400B8CF61 /* lab6 */;
			productType = "com.apple.product-type.tool";
		};
/* End PBXNativeTarget section */

/* Begin PBXProject section */
		7C95F9281DF4752400B8CF61 /* Project object */ = {
			isa = PBXProject;
			attributes = {
				LastUpgradeCheck = 0810;
				ORGANIZATIONNAME = "Joseph Marshall";
				TargetAttributes = {
					7C95F92F1DF4752400B8CF61 = {
						CreatedOnToolsVersion = 8.1;
						ProvisioningStyle = Automatic;
					};
				};
			};
			buildConfigurationList = 7C95F92B1DF4752400B8CF61 /* Build configuration list for PBXProject "lab6" */;
			compatibilityVersion = "Xcode 3.2";
			developmentRegion = English;
			hasScannedForEncodings = 0;
			knownRegions = (
				en,
			);
			mainGroup = 7C95F9271DF4752400B8CF61;
			productRefGroup = 7C95F9311DF4752400B8CF61 /* Products */;
			projectDirPath = "";
			projectRoot = "";
			targets = (
				7C95F92F1DF4752400B8CF61 /* lab6 */,
			);
		};
/* End PBXProject section */

/* Begin PBXSourcesBuildPhase section */
		7C95F92C1DF4752400B8CF61 /* Sources */ = {
			isa = PBXSourcesBuildPhase;
			buildActionMask = 2147483647;
			files = (
				7CEE29041DF4E40800C0A8D3 /* Dijkstra.cpp in Sources */,
				7CEE290A1DF5E61400C0A8D3 /* Astar.cpp in Sources */,
				7CEE29011DF490E600C0A8D3 /* Graph.cpp in Sources */,
				7C95F9341DF4752400B8CF61 /* main.cpp in Sources */,
			);
			runOnlyForDeploymentPostprocessing = 0;
		};
/* End PBXSourcesBuildPhase section */

/* Begin XCBuildConfiguration section */
		7C95F9351DF4752400B8CF61 /* Debug */ = {
			isa = XCBuildConfiguration;
			buildSettings = {
				ALWAYS_SEARCH_USER_PATHS = NO;
				CLANG_ANALYZER_NONNULL = YES;
				CLANG_CXX_LANGUAGE_STANDARD = "gnu++0x";
				CLANG_CXX_LIBRARY = "libc++";
				CLANG_ENABLE_MODULES = YES;
				CLANG_ENABLE_OBJC_ARC = YES;
				CLANG_WARN_BOOL_CONVERSION = YES;
				CLANG_WARN_CONSTANT_CONVERSION = YES;
				CLANG_WARN_DIRECT_OBJC_ISA_USAGE = YES_ERROR;
				CLANG_WARN_DOCUMENTATION_COMMENTS = YES;
				CLANG_WARN_EMPTY_BODY = YES;
				CLANG_WARN_ENUM_CONVERSION = YES;
				CLANG_WARN_INFINITE_RECURSION = YES;
				CLANG_WARN_INT_CONVERSION = YES;
				CLANG_WARN_OBJC_ROOT_CLASS = YES_ERROR;
				CLANG_WARN_SUSPICIOUS_MOVES = YES;
				CLANG_WARN_UNREACHABLE_CODE = YES;
				CLANG_WARN__DUPLICATE_METHOD_MATCH = YES;
				CODE_SIGN_IDENTITY = "-";
				COPY_PHASE_STRIP = NO;
				DEBUG_INFORMATION_FORMAT = dwarf;
				ENABLE_STRICT_OBJC_MSGSEND = YES;
				ENABLE_TESTABILITY = YES;
				GCC_C_LANGUAGE_STANDARD = gnu99;
				GCC_DYNAMIC_NO_PIC = NO;
				GCC_NO_COMMON_BLOCKS = YES;
				GCC_OPTIMIZATION_LEVEL = 0;
				GCC_PREPROCESSOR_DEFINITIONS = (
					"DEBUG=1",
					"$(inherited)",
				);
				GCC_WARN_64_TO_32_BIT_CONVERSION = YES;
				GCC_WARN_ABOUT_RETURN_TYPE = YES_ERROR;
				GCC_WARN_UNDECLARED_SELECTOR = YES;
				GCC_WARN_UNINITIALIZED_AUTOS = YES_AGGRESSIVE;
				GCC_WARN_UNUSED_FUNCTION = YES;
				GCC_WARN_UNUSED_VARIABLE = YES;
				MACOSX_DEPLOYMENT_TARGET = 10.12;
				MTL_ENABLE_DEBUG_INFO = YES;
				ONLY_ACTIVE_ARCH = YES;
				SDKROOT = macosx;
			};
			name = Debug;
		};
		7C95F9361DF4752400B8CF61 /* Release */ = {
			isa = XCBuildConfiguration;
			buildSettings = {
				ALWAYS_SEARCH_USER_PATHS = NO;
				CLANG_ANALYZER_NONNULL = YES;
				CLANG_CXX_LANGUAGE_STANDARD = "gnu++0x";
				CLANG_CXX_LIBRARY = "libc++";
				CLANG_ENABLE_MODULES = YES;
				CLANG_ENABLE_OBJC_ARC = YES;
				CLANG_WARN_BOOL_CONVERSION = YES;
				CLANG_WARN_CONSTANT_CONVERSION = YES;
				CLANG_WARN_DIRECT_OBJC_ISA_USAGE = YES_ERROR;
				CLANG_WARN_DOCUMENTATION_COMMENTS = YES;
				CLANG_WARN_EMPTY_BODY = YES;
				CLANG_WARN_ENUM_CONVERSION = YES;
				CLANG_WARN_INFINITE_RECURSION = YES;
				CLANG_WARN_INT_CONVERSION = YES;
				CLANG_WARN_OBJC_ROOT_CLASS = YES_ERROR;
				CLANG_WARN_SUSPICIOUS_MOVES = YES;
				CLANG_WARN_UNREACHABLE_CODE = YES;
				CLANG_WARN__DUPLICATE_METHOD_MATCH = YES;
				CODE_SIGN_IDENTITY = "-";
				COPY_PHASE_STRIP = NO;
				DEBUG_INFORMATION_FORMAT = "dwarf-with-dsym";
				ENABLE_NS_ASSERTIONS = NO;
				ENABLE_STRICT_OBJC_MSGSEND = YES;
				GCC_C_LANGUAGE_STANDARD = gnu99;
				GCC_NO_COMMON_BLOCKS = YES;
				GCC_WARN_64_TO_32_BIT_CONVERSION = YES;
				GCC_WARN_ABOUT_RETURN_TYPE = YES_ERROR;
				GCC_WARN_UNDECLARED_SELECTOR = YES;
				GCC_WARN_UNINITIALIZED_AUTOS = YES_AGGRESSIVE;
				GCC_WARN_UNUSED_FUNCTION = YES;
				GCC_WARN_UNUSED_VARIABLE = YES;
				MACOSX_DEPLOYMENT_TARGET = 10.12;
				MTL_ENABLE_DEBUG_INFO = NO;
				SDKROOT = macosx;
			};
			name = Release;
		};
		7C95F9381DF4752400B8CF61 /* Debug */ = {
			isa = XCBuildConfiguration;
			buildSettings = {
				PRODUCT_NAME = "$(TARGET_NAME)";
			};
			name = Debug;
		};
		7C95F9391DF4752400B8CF61 /* Release */ = {
			isa = XCBuildConfiguration;
			buildSettings = {
				PRODUCT_NAME = "$(TARGET_NAME)";
			};
			name = Release;
		};
/* End XCBuildConfiguration section */

/* Begin XCConfigurationList section */
		7C95F92B1DF4752400B8CF61 /* Build configuration list for PBXProject "lab6" */ = {
			isa = XCConfigurationList;
			buildConfigurations = (
				7C95F9351DF4752400B8CF61 /* Debug */,
				7C95F9361DF4752400B8CF61 /* Release */,
			);
			defaultConfigurationIsVisible = 0;
			defaultConfigurationName = Release;
		};
		7C95F9371DF4752400B8CF61 /* Build configuration list for PBXNativeTarget "lab6" */ = {
			isa = XCConfigurationList;
			buildConfigurations = (
				7C95F9381DF4752400B8CF61 /* Debug */,
				7C95F9391DF4752400B8CF61 /* Release */,
			);
			defaultConfigurationIsVisible = 0;
			defaultConfigurationName = Release;
		};
/* End XCConfigurationList section */
	};
	rootObject = 7C95F9281DF4752400B8CF61 /* Project object */;
}
